
Microsoft Visual Studio Solution File, Format Version 12.00
# Visual Studio Version 16
VisualStudioVersion = 16.0.32126.315
MinimumVisualStudioVersion = 10.0.40219.1
Project("{9A19103F-16F7-4668-BE54-9A1E7A4F7556}") = "Instituto", "Instituto\Instituto.csproj", "{834A77B3-19FA-4267-A437-61822678F492}"
EndProject
Project("{2150E333-8FDC-42A3-9474-1A3956D46DE8}") = "Scripts", "Scripts", "{AF6304D1-3389-4A0B-9052-37C561EC92AE}"
	ProjectSection(SolutionItems) = preProject
		Scripts\InstitutoScript.sql = Scripts\InstitutoScript.sql
		Scripts\IntitutoBDCreate.sql = Scripts\IntitutoBDCreate.sql
	EndProjectSection
EndProject
Project("{9A19103F-16F7-4668-BE54-9A1E7A4F7556}") = "InstitutoApi", "InstitutoApi\InstitutoApi.csproj", "{B18EFFB0-A4C1-4889-A23C-4060EF2727EB}"
EndProject
Project("{2150E333-8FDC-42A3-9474-1A3956D46DE8}") = "Documentacion", "Documentacion", "{A0F8DB95-7000-4047-A5EC-BBB1E7C4DD98}"
	ProjectSection(SolutionItems) = preProject
		Migrations.md = Migrations.md
	EndProjectSection
EndProject
Project("{9A19103F-16F7-4668-BE54-9A1E7A4F7556}") = "WebApplicationInstituto", "WebApplicationInstituto\WebApplicationInstituto.csproj", "{83DCE684-0842-40B8-B982-3D926AF0CE19}"
EndProject
Global
	GlobalSection(SolutionConfigurationPlatforms) = preSolution
		Debug|Any CPU = Debug|Any CPU
		Release|Any CPU = Release|Any CPU
	EndGlobalSection
	GlobalSection(ProjectConfigurationPlatforms) = postSolution
		{834A77B3-19FA-4267-A437-61822678F492}.Debug|Any CPU.ActiveCfg = Debug|Any CPU
		{834A77B3-19FA-4267-A437-61822678F492}.Debug|Any CPU.Build.0 = Debug|Any CPU
		{834A77B3-19FA-4267-A437-61822678F492}.Release|Any CPU.ActiveCfg = Release|Any CPU
		{834A77B3-19FA-4267-A437-61822678F492}.Release|Any CPU.Build.0 = Release|Any CPU
		{B18EFFB0-A4C1-4889-A23C-4060EF2727EB}.Debug|Any CPU.ActiveCfg = Debug|Any CPU
		{B18EFFB0-A4C1-4889-A23C-4060EF2727EB}.Debug|Any CPU.Build.0 = Debug|Any CPU
		{B18EFFB0-A4C1-4889-A23C-4060EF2727EB}.Release|Any CPU.ActiveCfg = Release|Any CPU
		{B18EFFB0-A4C1-4889-A23C-4060EF2727EB}.Release|Any CPU.Build.0 = Release|Any CPU
		{83DCE684-0842-40B8-B982-3D926AF0CE19}.Debug|Any CPU.ActiveCfg = Debug|Any CPU
		{83DCE684-0842-40B8-B982-3D926AF0CE19}.Debug|Any CPU.Build.0 = Debug|Any CPU
		{83DCE684-0842-40B8-B982-3D926AF0CE19}.Release|Any CPU.ActiveCfg = Release|Any CPU
		{83DCE684-0842-40B8-B982-3D926AF0CE19}.Release|Any CPU.Build.0 = Release|Any CPU
	EndGlobalSection
	GlobalSection(SolutionProperties) = preSolution
		HideSolutionNode = FALSE
	EndGlobalSection
	GlobalSection(ExtensibilityGlobals) = postSolution
		SolutionGuid = {AC107AC3-71B5-44E0-A588-90221836F0E8}
	EndGlobalSection
EndGlobal
